// !$*UTF8*$!
{
	archiveVersion = 1;
	classes = {
	};
	objectVersion = 46;
	objects = {

/* Begin PBXBuildFile section */
		2002059914CDB1B400772941 /* ELDayLogsViewController.m in Sources */ = {isa = PBXBuildFile; fileRef = 2002059814CDB1B300772941 /* ELDayLogsViewController.m */; };
		200205A014CE599800772941 /* roll-bg.png in Resources */ = {isa = PBXBuildFile; fileRef = 2002059A14CE599800772941 /* roll-bg.png */; };
		200205A114CE599800772941 /* roll-bg@2x.png in Resources */ = {isa = PBXBuildFile; fileRef = 2002059B14CE599800772941 /* roll-bg@2x.png */; };
		200205A214CE599800772941 /* roll-bottom.png in Resources */ = {isa = PBXBuildFile; fileRef = 2002059C14CE599800772941 /* roll-bottom.png */; };
		200205A314CE599800772941 /* roll-bottom@2x.png in Resources */ = {isa = PBXBuildFile; fileRef = 2002059D14CE599800772941 /* roll-bottom@2x.png */; };
		200205A414CE599800772941 /* roll-top.png in Resources */ = {isa = PBXBuildFile; fileRef = 2002059E14CE599800772941 /* roll-top.png */; };
		200205A514CE599800772941 /* roll-top@2x.png in Resources */ = {isa = PBXBuildFile; fileRef = 2002059F14CE599800772941 /* roll-top@2x.png */; };
		200205AA14CE59AA00772941 /* btn-cancel.png in Resources */ = {isa = PBXBuildFile; fileRef = 200205A614CE59AA00772941 /* btn-cancel.png */; };
		200205AB14CE59AA00772941 /* btn-cancel@2x.png in Resources */ = {isa = PBXBuildFile; fileRef = 200205A714CE59AA00772941 /* btn-cancel@2x.png */; };
		200205AC14CE59AA00772941 /* btn-ok.png in Resources */ = {isa = PBXBuildFile; fileRef = 200205A814CE59AA00772941 /* btn-ok.png */; };
		200205AD14CE59AA00772941 /* btn-ok@2x.png in Resources */ = {isa = PBXBuildFile; fileRef = 200205A914CE59AA00772941 /* btn-ok@2x.png */; };
		201BE7E714CE834A0005DB05 /* bg.png in Resources */ = {isa = PBXBuildFile; fileRef = 201BE7E514CE834A0005DB05 /* bg.png */; };
		201BE7E814CE834A0005DB05 /* bg@2x.png in Resources */ = {isa = PBXBuildFile; fileRef = 201BE7E614CE834A0005DB05 /* bg@2x.png */; };
		201BE7EC14CE85A20005DB05 /* ELDayLogsData.m in Sources */ = {isa = PBXBuildFile; fileRef = 201BE7EB14CE85A20005DB05 /* ELDayLogsData.m */; };
		201BE7F214CEE2270005DB05 /* ELDayLog.m in Sources */ = {isa = PBXBuildFile; fileRef = 201BE7F114CEE2270005DB05 /* ELDayLog.m */; };
		20F24B2B14CC18EC00197E38 /* UIKit.framework in Frameworks */ = {isa = PBXBuildFile; fileRef = 20F24B2A14CC18EC00197E38 /* UIKit.framework */; };
		20F24B2D14CC18EC00197E38 /* Foundation.framework in Frameworks */ = {isa = PBXBuildFile; fileRef = 20F24B2C14CC18EC00197E38 /* Foundation.framework */; };
		20F24B2F14CC18EC00197E38 /* CoreGraphics.framework in Frameworks */ = {isa = PBXBuildFile; fileRef = 20F24B2E14CC18EC00197E38 /* CoreGraphics.framework */; };
		20F24B3514CC18EC00197E38 /* InfoPlist.strings in Resources */ = {isa = PBXBuildFile; fileRef = 20F24B3314CC18EC00197E38 /* InfoPlist.strings */; };
		20F24B3714CC18EC00197E38 /* main.m in Sources */ = {isa = PBXBuildFile; fileRef = 20F24B3614CC18EC00197E38 /* main.m */; };
		20F24B3B14CC18EC00197E38 /* ELAppDelegate.m in Sources */ = {isa = PBXBuildFile; fileRef = 20F24B3A14CC18EC00197E38 /* ELAppDelegate.m */; };
		20F24B4314CC37E400197E38 /* ELLoginViewController.m in Sources */ = {isa = PBXBuildFile; fileRef = 20F24B4214CC37E400197E38 /* ELLoginViewController.m */; };
		20F24B4F14CC454200197E38 /* btn_weibo.png in Resources */ = {isa = PBXBuildFile; fileRef = 20F24B4514CC454200197E38 /* btn_weibo.png */; };
		20F24B5014CC454200197E38 /* btn_weibo@2x.png in Resources */ = {isa = PBXBuildFile; fileRef = 20F24B4614CC454200197E38 /* btn_weibo@2x.png */; };
		20F24B5114CC454200197E38 /* float_bar.png in Resources */ = {isa = PBXBuildFile; fileRef = 20F24B4714CC454200197E38 /* float_bar.png */; };
		20F24B5214CC454200197E38 /* float_bar@2x.png in Resources */ = {isa = PBXBuildFile; fileRef = 20F24B4814CC454200197E38 /* float_bar@2x.png */; };
		20F24B5314CC454200197E38 /* bg_edit.jpg in Resources */ = {isa = PBXBuildFile; fileRef = 20F24B4914CC454200197E38 /* bg_edit.jpg */; };
		20F24B5414CC454200197E38 /* bg_edit@2x.jpg in Resources */ = {isa = PBXBuildFile; fileRef = 20F24B4A14CC454200197E38 /* bg_edit@2x.jpg */; };
		20F24B5514CC454200197E38 /* bg_login.jpg in Resources */ = {isa = PBXBuildFile; fileRef = 20F24B4B14CC454200197E38 /* bg_login.jpg */; };
		20F24B5614CC454200197E38 /* bg_login@2x.jpg in Resources */ = {isa = PBXBuildFile; fileRef = 20F24B4C14CC454200197E38 /* bg_login@2x.jpg */; };
		20F24B5714CC454200197E38 /* bg_roll.jpg in Resources */ = {isa = PBXBuildFile; fileRef = 20F24B4D14CC454200197E38 /* bg_roll.jpg */; };
		20F24B5814CC454200197E38 /* bg_roll@2x.jpg in Resources */ = {isa = PBXBuildFile; fileRef = 20F24B4E14CC454200197E38 /* bg_roll@2x.jpg */; };
		20F24B5B14CD082B00197E38 /* ELEditViewController.m in Sources */ = {isa = PBXBuildFile; fileRef = 20F24B5A14CD082B00197E38 /* ELEditViewController.m */; };
/* End PBXBuildFile section */

/* Begin PBXFileReference section */
		2002059714CDB1B300772941 /* ELDayLogsViewController.h */ = {isa = PBXFileReference; fileEncoding = 4; lastKnownFileType = sourcecode.c.h; path = ELDayLogsViewController.h; sourceTree = "<group>"; };
		2002059814CDB1B300772941 /* ELDayLogsViewController.m */ = {isa = PBXFileReference; fileEncoding = 4; lastKnownFileType = sourcecode.c.objc; path = ELDayLogsViewController.m; sourceTree = "<group>"; };
		2002059A14CE599800772941 /* roll-bg.png */ = {isa = PBXFileReference; lastKnownFileType = image.png; name = "roll-bg.png"; path = "../../../../Downloads/iPhone(1)/roll-bg.png"; sourceTree = "<group>"; };
		2002059B14CE599800772941 /* roll-bg@2x.png */ = {isa = PBXFileReference; lastKnownFileType = image.png; name = "roll-bg@2x.png"; path = "../../../../Downloads/iPhone(1)/roll-bg@2x.png"; sourceTree = "<group>"; };
		2002059C14CE599800772941 /* roll-bottom.png */ = {isa = PBXFileReference; lastKnownFileType = image.png; name = "roll-bottom.png"; path = "../../../../Downloads/iPhone(1)/roll-bottom.png"; sourceTree = "<group>"; };
		2002059D14CE599800772941 /* roll-bottom@2x.png */ = {isa = PBXFileReference; lastKnownFileType = image.png; name = "roll-bottom@2x.png"; path = "../../../../Downloads/iPhone(1)/roll-bottom@2x.png"; sourceTree = "<group>"; };
		2002059E14CE599800772941 /* roll-top.png */ = {isa = PBXFileReference; lastKnownFileType = image.png; name = "roll-top.png"; path = "../../../../Downloads/iPhone(1)/roll-top.png"; sourceTree = "<group>"; };
		2002059F14CE599800772941 /* roll-top@2x.png */ = {isa = PBXFileReference; lastKnownFileType = image.png; name = "roll-top@2x.png"; path = "../../../../Downloads/iPhone(1)/roll-top@2x.png"; sourceTree = "<group>"; };
		200205A614CE59AA00772941 /* btn-cancel.png */ = {isa = PBXFileReference; lastKnownFileType = image.png; name = "btn-cancel.png"; path = "../../../../Downloads/iPhone(1)/btn-cancel.png"; sourceTree = "<group>"; };
		200205A714CE59AA00772941 /* btn-cancel@2x.png */ = {isa = PBXFileReference; lastKnownFileType = image.png; name = "btn-cancel@2x.png"; path = "../../../../Downloads/iPhone(1)/btn-cancel@2x.png"; sourceTree = "<group>"; };
		200205A814CE59AA00772941 /* btn-ok.png */ = {isa = PBXFileReference; lastKnownFileType = image.png; name = "btn-ok.png"; path = "../../../../Downloads/iPhone(1)/btn-ok.png"; sourceTree = "<group>"; };
		200205A914CE59AA00772941 /* btn-ok@2x.png */ = {isa = PBXFileReference; lastKnownFileType = image.png; name = "btn-ok@2x.png"; path = "../../../../Downloads/iPhone(1)/btn-ok@2x.png"; sourceTree = "<group>"; };
		201BE7E514CE834A0005DB05 /* bg.png */ = {isa = PBXFileReference; lastKnownFileType = image.png; name = bg.png; path = ../../../../Downloads/bg.png; sourceTree = "<group>"; };
		201BE7E614CE834A0005DB05 /* bg@2x.png */ = {isa = PBXFileReference; lastKnownFileType = image.png; name = "bg@2x.png"; path = "../../../../Downloads/bg@2x.png"; sourceTree = "<group>"; };
		201BE7EA14CE85A20005DB05 /* ELDayLogsData.h */ = {isa = PBXFileReference; fileEncoding = 4; lastKnownFileType = sourcecode.c.h; path = ELDayLogsData.h; sourceTree = "<group>"; };
		201BE7EB14CE85A20005DB05 /* ELDayLogsData.m */ = {isa = PBXFileReference; fileEncoding = 4; lastKnownFileType = sourcecode.c.objc; path = ELDayLogsData.m; sourceTree = "<group>"; };
		201BE7F014CEE2270005DB05 /* ELDayLog.h */ = {isa = PBXFileReference; fileEncoding = 4; lastKnownFileType = sourcecode.c.h; path = ELDayLog.h; sourceTree = "<group>"; };
		201BE7F114CEE2270005DB05 /* ELDayLog.m */ = {isa = PBXFileReference; fileEncoding = 4; lastKnownFileType = sourcecode.c.objc; path = ELDayLog.m; sourceTree = "<group>"; };
		20F24B2614CC18EC00197E38 /* eLogger.app */ = {isa = PBXFileReference; explicitFileType = wrapper.application; includeInIndex = 0; path = eLogger.app; sourceTree = BUILT_PRODUCTS_DIR; };
		20F24B2A14CC18EC00197E38 /* UIKit.framework */ = {isa = PBXFileReference; lastKnownFileType = wrapper.framework; name = UIKit.framework; path = System/Library/Frameworks/UIKit.framework; sourceTree = SDKROOT; };
		20F24B2C14CC18EC00197E38 /* Foundation.framework */ = {isa = PBXFileReference; lastKnownFileType = wrapper.framework; name = Foundation.framework; path = System/Library/Frameworks/Foundation.framework; sourceTree = SDKROOT; };
		20F24B2E14CC18EC00197E38 /* CoreGraphics.framework */ = {isa = PBXFileReference; lastKnownFileType = wrapper.framework; name = CoreGraphics.framework; path = System/Library/Frameworks/CoreGraphics.framework; sourceTree = SDKROOT; };
		20F24B3214CC18EC00197E38 /* eLogger-Info.plist */ = {isa = PBXFileReference; lastKnownFileType = text.plist.xml; path = "eLogger-Info.plist"; sourceTree = "<group>"; };
		20F24B3414CC18EC00197E38 /* en */ = {isa = PBXFileReference; lastKnownFileType = text.plist.strings; name = en; path = en.lproj/InfoPlist.strings; sourceTree = "<group>"; };
		20F24B3614CC18EC00197E38 /* main.m */ = {isa = PBXFileReference; lastKnownFileType = sourcecode.c.objc; path = main.m; sourceTree = "<group>"; };
		20F24B3814CC18EC00197E38 /* eLogger-Prefix.pch */ = {isa = PBXFileReference; lastKnownFileType = sourcecode.c.h; path = "eLogger-Prefix.pch"; sourceTree = "<group>"; };
		20F24B3914CC18EC00197E38 /* ELAppDelegate.h */ = {isa = PBXFileReference; lastKnownFileType = sourcecode.c.h; path = ELAppDelegate.h; sourceTree = "<group>"; };
		20F24B3A14CC18EC00197E38 /* ELAppDelegate.m */ = {isa = PBXFileReference; lastKnownFileType = sourcecode.c.objc; path = ELAppDelegate.m; sourceTree = "<group>"; };
		20F24B4114CC37E400197E38 /* ELLoginViewController.h */ = {isa = PBXFileReference; fileEncoding = 4; lastKnownFileType = sourcecode.c.h; path = ELLoginViewController.h; sourceTree = "<group>"; };
		20F24B4214CC37E400197E38 /* ELLoginViewController.m */ = {isa = PBXFileReference; fileEncoding = 4; lastKnownFileType = sourcecode.c.objc; path = ELLoginViewController.m; sourceTree = "<group>"; };
		20F24B4514CC454200197E38 /* btn_weibo.png */ = {isa = PBXFileReference; lastKnownFileType = image.png; name = btn_weibo.png; path = ../../../../Downloads/iPhone/btn_weibo.png; sourceTree = "<group>"; };
		20F24B4614CC454200197E38 /* btn_weibo@2x.png */ = {isa = PBXFileReference; lastKnownFileType = image.png; name = "btn_weibo@2x.png"; path = "../../../../Downloads/iPhone/btn_weibo@2x.png"; sourceTree = "<group>"; };
		20F24B4714CC454200197E38 /* float_bar.png */ = {isa = PBXFileReference; lastKnownFileType = image.png; name = float_bar.png; path = ../../../../Downloads/iPhone/float_bar.png; sourceTree = "<group>"; };
		20F24B4814CC454200197E38 /* float_bar@2x.png */ = {isa = PBXFileReference; lastKnownFileType = image.png; name = "float_bar@2x.png"; path = "../../../../Downloads/iPhone/float_bar@2x.png"; sourceTree = "<group>"; };
		20F24B4914CC454200197E38 /* bg_edit.jpg */ = {isa = PBXFileReference; lastKnownFileType = image.jpeg; name = bg_edit.jpg; path = ../../../../Downloads/iPhone/bg_edit.jpg; sourceTree = "<group>"; };
		20F24B4A14CC454200197E38 /* bg_edit@2x.jpg */ = {isa = PBXFileReference; lastKnownFileType = image.jpeg; name = "bg_edit@2x.jpg"; path = "../../../../Downloads/iPhone/bg_edit@2x.jpg"; sourceTree = "<group>"; };
		20F24B4B14CC454200197E38 /* bg_login.jpg */ = {isa = PBXFileReference; lastKnownFileType = image.jpeg; name = bg_login.jpg; path = ../../../../Downloads/iPhone/bg_login.jpg; sourceTree = "<group>"; };
		20F24B4C14CC454200197E38 /* bg_login@2x.jpg */ = {isa = PBXFileReference; lastKnownFileType = image.jpeg; name = "bg_login@2x.jpg"; path = "../../../../Downloads/iPhone/bg_login@2x.jpg"; sourceTree = "<group>"; };
		20F24B4D14CC454200197E38 /* bg_roll.jpg */ = {isa = PBXFileReference; lastKnownFileType = image.jpeg; name = bg_roll.jpg; path = ../../../../Downloads/iPhone/bg_roll.jpg; sourceTree = "<group>"; };
		20F24B4E14CC454200197E38 /* bg_roll@2x.jpg */ = {isa = PBXFileReference; lastKnownFileType = image.jpeg; name = "bg_roll@2x.jpg"; path = "../../../../Downloads/iPhone/bg_roll@2x.jpg"; sourceTree = "<group>"; };
		20F24B5914CD082B00197E38 /* ELEditViewController.h */ = {isa = PBXFileReference; fileEncoding = 4; lastKnownFileType = sourcecode.c.h; path = ELEditViewController.h; sourceTree = "<group>"; };
		20F24B5A14CD082B00197E38 /* ELEditViewController.m */ = {isa = PBXFileReference; fileEncoding = 4; lastKnownFileType = sourcecode.c.objc; path = ELEditViewController.m; sourceTree = "<group>"; };
/* End PBXFileReference section */

/* Begin PBXFrameworksBuildPhase section */
		20F24B2314CC18EC00197E38 /* Frameworks */ = {
			isa = PBXFrameworksBuildPhase;
			buildActionMask = 2147483647;
			files = (
				20F24B2B14CC18EC00197E38 /* UIKit.framework in Frameworks */,
				20F24B2D14CC18EC00197E38 /* Foundation.framework in Frameworks */,
				20F24B2F14CC18EC00197E38 /* CoreGraphics.framework in Frameworks */,
			);
			runOnlyForDeploymentPostprocessing = 0;
		};
/* End PBXFrameworksBuildPhase section */

/* Begin PBXGroup section */
		20F24B1B14CC18EC00197E38 = {
			isa = PBXGroup;
			children = (
				20F24B3014CC18EC00197E38 /* eLogger */,
				20F24B2914CC18EC00197E38 /* Frameworks */,
				20F24B2714CC18EC00197E38 /* Products */,
			);
			sourceTree = "<group>";
		};
		20F24B2714CC18EC00197E38 /* Products */ = {
			isa = PBXGroup;
			children = (
				20F24B2614CC18EC00197E38 /* eLogger.app */,
			);
			name = Products;
			sourceTree = "<group>";
		};
		20F24B2914CC18EC00197E38 /* Frameworks */ = {
			isa = PBXGroup;
			children = (
				20F24B2A14CC18EC00197E38 /* UIKit.framework */,
				20F24B2C14CC18EC00197E38 /* Foundation.framework */,
				20F24B2E14CC18EC00197E38 /* CoreGraphics.framework */,
			);
			name = Frameworks;
			sourceTree = "<group>";
		};
		20F24B3014CC18EC00197E38 /* eLogger */ = {
			isa = PBXGroup;
			children = (
				20F24B4414CC44F600197E38 /* Resources */,
				20F24B3914CC18EC00197E38 /* ELAppDelegate.h */,
				20F24B3A14CC18EC00197E38 /* ELAppDelegate.m */,
				20F24B3114CC18EC00197E38 /* Supporting Files */,
				20F24B4114CC37E400197E38 /* ELLoginViewController.h */,
				20F24B4214CC37E400197E38 /* ELLoginViewController.m */,
				20F24B5914CD082B00197E38 /* ELEditViewController.h */,
				20F24B5A14CD082B00197E38 /* ELEditViewController.m */,
				2002059714CDB1B300772941 /* ELDayLogsViewController.h */,
				2002059814CDB1B300772941 /* ELDayLogsViewController.m */,
				201BE7EA14CE85A20005DB05 /* ELDayLogsData.h */,
				201BE7EB14CE85A20005DB05 /* ELDayLogsData.m */,
				201BE7F014CEE2270005DB05 /* ELDayLog.h */,
				201BE7F114CEE2270005DB05 /* ELDayLog.m */,
			);
			path = eLogger;
			sourceTree = "<group>";
		};
		20F24B3114CC18EC00197E38 /* Supporting Files */ = {
			isa = PBXGroup;
			children = (
				20F24B3214CC18EC00197E38 /* eLogger-Info.plist */,
				20F24B3314CC18EC00197E38 /* InfoPlist.strings */,
				20F24B3614CC18EC00197E38 /* main.m */,
				20F24B3814CC18EC00197E38 /* eLogger-Prefix.pch */,
			);
			name = "Supporting Files";
			sourceTree = "<group>";
		};
		20F24B4414CC44F600197E38 /* Resources */ = {
			isa = PBXGroup;
			children = (
				201BE7E514CE834A0005DB05 /* bg.png */,
				201BE7E614CE834A0005DB05 /* bg@2x.png */,
				200205A614CE59AA00772941 /* btn-cancel.png */,
				200205A714CE59AA00772941 /* btn-cancel@2x.png */,
				200205A814CE59AA00772941 /* btn-ok.png */,
				200205A914CE59AA00772941 /* btn-ok@2x.png */,
				2002059A14CE599800772941 /* roll-bg.png */,
				2002059B14CE599800772941 /* roll-bg@2x.png */,
				2002059C14CE599800772941 /* roll-bottom.png */,
				2002059D14CE599800772941 /* roll-bottom@2x.png */,
				2002059E14CE599800772941 /* roll-top.png */,
				2002059F14CE599800772941 /* roll-top@2x.png */,
				20F24B4514CC454200197E38 /* btn_weibo.png */,
				20F24B4614CC454200197E38 /* btn_weibo@2x.png */,
				20F24B4714CC454200197E38 /* float_bar.png */,
				20F24B4814CC454200197E38 /* float_bar@2x.png */,
				20F24B4914CC454200197E38 /* bg_edit.jpg */,
				20F24B4A14CC454200197E38 /* bg_edit@2x.jpg */,
				20F24B4B14CC454200197E38 /* bg_login.jpg */,
				20F24B4C14CC454200197E38 /* bg_login@2x.jpg */,
				20F24B4D14CC454200197E38 /* bg_roll.jpg */,
				20F24B4E14CC454200197E38 /* bg_roll@2x.jpg */,
			);
			name = Resources;
			sourceTree = "<group>";
		};
/* End PBXGroup section */

/* Begin PBXNativeTarget section */
		20F24B2514CC18EC00197E38 /* eLogger */ = {
			isa = PBXNativeTarget;
			buildConfigurationList = 20F24B3E14CC18EC00197E38 /* Build configuration list for PBXNativeTarget "eLogger" */;
			buildPhases = (
				20F24B2214CC18EC00197E38 /* Sources */,
				20F24B2314CC18EC00197E38 /* Frameworks */,
				20F24B2414CC18EC00197E38 /* Resources */,
			);
			buildRules = (
			);
			dependencies = (
			);
			name = eLogger;
			productName = eLogger;
			productReference = 20F24B2614CC18EC00197E38 /* eLogger.app */;
			productType = "com.apple.product-type.application";
		};
/* End PBXNativeTarget section */

/* Begin PBXProject section */
		20F24B1D14CC18EC00197E38 /* Project object */ = {
			isa = PBXProject;
			attributes = {
				LastUpgradeCheck = 0420;
			};
			buildConfigurationList = 20F24B2014CC18EC00197E38 /* Build configuration list for PBXProject "eLogger" */;
			compatibilityVersion = "Xcode 3.2";
			developmentRegion = English;
			hasScannedForEncodings = 0;
			knownRegions = (
				en,
			);
			mainGroup = 20F24B1B14CC18EC00197E38;
			productRefGroup = 20F24B2714CC18EC00197E38 /* Products */;
			projectDirPath = "";
			projectRoot = "";
			targets = (
				20F24B2514CC18EC00197E38 /* eLogger */,
			);
		};
/* End PBXProject section */

/* Begin PBXResourcesBuildPhase section */
		20F24B2414CC18EC00197E38 /* Resources */ = {
			isa = PBXResourcesBuildPhase;
			buildActionMask = 2147483647;
			files = (
				20F24B3514CC18EC00197E38 /* InfoPlist.strings in Resources */,
				20F24B4F14CC454200197E38 /* btn_weibo.png in Resources */,
				20F24B5014CC454200197E38 /* btn_weibo@2x.png in Resources */,
				20F24B5114CC454200197E38 /* float_bar.png in Resources */,
				20F24B5214CC454200197E38 /* float_bar@2x.png in Resources */,
				20F24B5314CC454200197E38 /* bg_edit.jpg in Resources */,
				20F24B5414CC454200197E38 /* bg_edit@2x.jpg in Resources */,
				20F24B5514CC454200197E38 /* bg_login.jpg in Resources */,
				20F24B5614CC454200197E38 /* bg_login@2x.jpg in Resources */,
				20F24B5714CC454200197E38 /* bg_roll.jpg in Resources */,
				20F24B5814CC454200197E38 /* bg_roll@2x.jpg in Resources */,
				200205A014CE599800772941 /* roll-bg.png in Resources */,
				200205A114CE599800772941 /* roll-bg@2x.png in Resources */,
				200205A214CE599800772941 /* roll-bottom.png in Resources */,
				200205A314CE599800772941 /* roll-bottom@2x.png in Resources */,
				200205A414CE599800772941 /* roll-top.png in Resources */,
				200205A514CE599800772941 /* roll-top@2x.png in Resources */,
				200205AA14CE59AA00772941 /* btn-cancel.png in Resources */,
				200205AB14CE59AA00772941 /* btn-cancel@2x.png in Resources */,
				200205AC14CE59AA00772941 /* btn-ok.png in Resources */,
				200205AD14CE59AA00772941 /* btn-ok@2x.png in Resources */,
				201BE7E714CE834A0005DB05 /* bg.png in Resources */,
				201BE7E814CE834A0005DB05 /* bg@2x.png in Resources */,
			);
			runOnlyForDeploymentPostprocessing = 0;
		};
/* End PBXResourcesBuildPhase section */

/* Begin PBXSourcesBuildPhase section */
		20F24B2214CC18EC00197E38 /* Sources */ = {
			isa = PBXSourcesBuildPhase;
			buildActionMask = 2147483647;
			files = (
				20F24B3714CC18EC00197E38 /* main.m in Sources */,
				20F24B3B14CC18EC00197E38 /* ELAppDelegate.m in Sources */,
				20F24B4314CC37E400197E38 /* ELLoginViewController.m in Sources */,
				20F24B5B14CD082B00197E38 /* ELEditViewController.m in Sources */,
				2002059914CDB1B400772941 /* ELDayLogsViewController.m in Sources */,
				201BE7EC14CE85A20005DB05 /* ELDayLogsData.m in Sources */,
				201BE7F214CEE2270005DB05 /* ELDayLog.m in Sources */,
			);
			runOnlyForDeploymentPostprocessing = 0;
		};
/* End PBXSourcesBuildPhase section */

/* Begin PBXVariantGroup section */
		20F24B3314CC18EC00197E38 /* InfoPlist.strings */ = {
			isa = PBXVariantGroup;
			children = (
				20F24B3414CC18EC00197E38 /* en */,
			);
			name = InfoPlist.strings;
			sourceTree = "<group>";
		};
/* End PBXVariantGroup section */

/* Begin XCBuildConfiguration section */
		20F24B3C14CC18EC00197E38 /* Debug */ = {
			isa = XCBuildConfiguration;
			buildSettings = {
				ALWAYS_SEARCH_USER_PATHS = NO;
				ARCHS = "$(ARCHS_STANDARD_32_BIT)";
				"CODE_SIGN_IDENTITY[sdk=iphoneos*]" = "iPhone Developer";
				COPY_PHASE_STRIP = NO;
				GCC_C_LANGUAGE_STANDARD = gnu99;
				GCC_DYNAMIC_NO_PIC = NO;
				GCC_OPTIMIZATION_LEVEL = 0;
				GCC_PREPROCESSOR_DEFINITIONS = (
					"DEBUG=1",
					"$(inherited)",
				);
				GCC_SYMBOLS_PRIVATE_EXTERN = NO;
				GCC_VERSION = com.apple.compilers.llvm.clang.1_0;
				GCC_WARN_ABOUT_MISSING_PROTOTYPES = YES;
				GCC_WARN_ABOUT_RETURN_TYPE = YES;
				GCC_WARN_UNUSED_VARIABLE = YES;
				IPHONEOS_DEPLOYMENT_TARGET = 5.0;
				SDKROOT = iphoneos;
			};
			name = Debug;
		};
		20F24B3D14CC18EC00197E38 /* Release */ = {
			isa = XCBuildConfiguration;
			buildSettings = {
				ALWAYS_SEARCH_USER_PATHS = NO;
				ARCHS = "$(ARCHS_STANDARD_32_BIT)";
				"CODE_SIGN_IDENTITY[sdk=iphoneos*]" = "iPhone Developer";
				COPY_PHASE_STRIP = YES;
				GCC_C_LANGUAGE_STANDARD = gnu99;
				GCC_VERSION = com.apple.compilers.llvm.clang.1_0;
				GCC_WARN_ABOUT_MISSING_PROTOTYPES = YES;
				GCC_WARN_ABOUT_RETURN_TYPE = YES;
				GCC_WARN_UNUSED_VARIABLE = YES;
				IPHONEOS_DEPLOYMENT_TARGET = 5.0;
				OTHER_CFLAGS = "-DNS_BLOCK_ASSERTIONS=1";
				SDKROOT = iphoneos;
				VALIDATE_PRODUCT = YES;
			};
			name = Release;
		};
		20F24B3F14CC18EC00197E38 /* Debug */ = {
			isa = XCBuildConfiguration;
			buildSettings = {
				GCC_PRECOMPILE_PREFIX_HEADER = YES;
				GCC_PREFIX_HEADER = "eLogger/eLogger-Prefix.pch";
				INFOPLIST_FILE = "eLogger/eLogger-Info.plist";
				PRODUCT_NAME = "$(TARGET_NAME)";
				WRAPPER_EXTENSION = app;
			};
			name = Debug;
		};
		20F24B4014CC18EC00197E38 /* Release */ = {
			isa = XCBuildConfiguration;
			buildSettings = {
				GCC_PRECOMPILE_PREFIX_HEADER = YES;
				GCC_PREFIX_HEADER = "eLogger/eLogger-Prefix.pch";
				INFOPLIST_FILE = "eLogger/eLogger-Info.plist";
				PRODUCT_NAME = "$(TARGET_NAME)";
				WRAPPER_EXTENSION = app;
			};
			name = Release;
		};
/* End XCBuildConfiguration section */

/* Begin XCConfigurationList section */
		20F24B2014CC18EC00197E38 /* Build configuration list for PBXProject "eLogger" */ = {
			isa = XCConfigurationList;
			buildConfigurations = (
				20F24B3C14CC18EC00197E38 /* Debug */,
				20F24B3D14CC18EC00197E38 /* Release */,
			);
			defaultConfigurationIsVisible = 0;
			defaultConfigurationName = Release;
		};
		20F24B3E14CC18EC00197E38 /* Build configuration list for PBXNativeTarget "eLogger" */ = {
			isa = XCConfigurationList;
			buildConfigurations = (
				20F24B3F14CC18EC00197E38 /* Debug */,
				20F24B4014CC18EC00197E38 /* Release */,
			);
			defaultConfigurationIsVisible = 0;
			defaultConfigurationName = Release;
		};
/* End XCConfigurationList section */
	};
	rootObject = 20F24B1D14CC18EC00197E38 /* Project object */;
}
