// !$*UTF8*$!
{
	archiveVersion = 1;
	classes = {
	};
	objectVersion = 46;
	objects = {

/* Begin PBXBuildFile section */
		2083788014CB03B70051302C /* UIKit.framework in Frameworks */ = {isa = PBXBuildFile; fileRef = 2083787F14CB03B70051302C /* UIKit.framework */; };
		2083788214CB03B70051302C /* Foundation.framework in Frameworks */ = {isa = PBXBuildFile; fileRef = 2083788114CB03B70051302C /* Foundation.framework */; };
		2083788414CB03B70051302C /* CoreGraphics.framework in Frameworks */ = {isa = PBXBuildFile; fileRef = 2083788314CB03B70051302C /* CoreGraphics.framework */; };
		2083788A14CB03B70051302C /* InfoPlist.strings in Resources */ = {isa = PBXBuildFile; fileRef = 2083788814CB03B70051302C /* InfoPlist.strings */; };
		2083788C14CB03B70051302C /* main.m in Sources */ = {isa = PBXBuildFile; fileRef = 2083788B14CB03B70051302C /* main.m */; };
		2083789014CB03B70051302C /* ELAppDelegate.m in Sources */ = {isa = PBXBuildFile; fileRef = 2083788F14CB03B70051302C /* ELAppDelegate.m */; };
/* End PBXBuildFile section */

/* Begin PBXFileReference section */
		2083787B14CB03B70051302C /* eLogger-iphone.app */ = {isa = PBXFileReference; explicitFileType = wrapper.application; includeInIndex = 0; path = "eLogger-iphone.app"; sourceTree = BUILT_PRODUCTS_DIR; };
		2083787F14CB03B70051302C /* UIKit.framework */ = {isa = PBXFileReference; lastKnownFileType = wrapper.framework; name = UIKit.framework; path = System/Library/Frameworks/UIKit.framework; sourceTree = SDKROOT; };
		2083788114CB03B70051302C /* Foundation.framework */ = {isa = PBXFileReference; lastKnownFileType = wrapper.framework; name = Foundation.framework; path = System/Library/Frameworks/Foundation.framework; sourceTree = SDKROOT; };
		2083788314CB03B70051302C /* CoreGraphics.framework */ = {isa = PBXFileReference; lastKnownFileType = wrapper.framework; name = CoreGraphics.framework; path = System/Library/Frameworks/CoreGraphics.framework; sourceTree = SDKROOT; };
		2083788714CB03B70051302C /* eLogger-iphone-Info.plist */ = {isa = PBXFileReference; lastKnownFileType = text.plist.xml; path = "eLogger-iphone-Info.plist"; sourceTree = "<group>"; };
		2083788914CB03B70051302C /* en */ = {isa = PBXFileReference; lastKnownFileType = text.plist.strings; name = en; path = en.lproj/InfoPlist.strings; sourceTree = "<group>"; };
		2083788B14CB03B70051302C /* main.m */ = {isa = PBXFileReference; lastKnownFileType = sourcecode.c.objc; path = main.m; sourceTree = "<group>"; };
		2083788D14CB03B70051302C /* eLogger-iphone-Prefix.pch */ = {isa = PBXFileReference; lastKnownFileType = sourcecode.c.h; path = "eLogger-iphone-Prefix.pch"; sourceTree = "<group>"; };
		2083788E14CB03B70051302C /* ELAppDelegate.h */ = {isa = PBXFileReference; lastKnownFileType = sourcecode.c.h; path = ELAppDelegate.h; sourceTree = "<group>"; };
		2083788F14CB03B70051302C /* ELAppDelegate.m */ = {isa = PBXFileReference; lastKnownFileType = sourcecode.c.objc; path = ELAppDelegate.m; sourceTree = "<group>"; };
/* End PBXFileReference section */

/* Begin PBXFrameworksBuildPhase section */
		2083787814CB03B70051302C /* Frameworks */ = {
			isa = PBXFrameworksBuildPhase;
			buildActionMask = 2147483647;
			files = (
				2083788014CB03B70051302C /* UIKit.framework in Frameworks */,
				2083788214CB03B70051302C /* Foundation.framework in Frameworks */,
				2083788414CB03B70051302C /* CoreGraphics.framework in Frameworks */,
			);
			runOnlyForDeploymentPostprocessing = 0;
		};
/* End PBXFrameworksBuildPhase section */

/* Begin PBXGroup section */
		2083787014CB03B70051302C = {
			isa = PBXGroup;
			children = (
				2083788514CB03B70051302C /* src */,
				2083787E14CB03B70051302C /* Frameworks */,
				2083787C14CB03B70051302C /* Products */,
			);
			sourceTree = "<group>";
		};
		2083787C14CB03B70051302C /* Products */ = {
			isa = PBXGroup;
			children = (
				2083787B14CB03B70051302C /* eLogger-iphone.app */,
			);
			name = Products;
			sourceTree = "<group>";
		};
		2083787E14CB03B70051302C /* Frameworks */ = {
			isa = PBXGroup;
			children = (
				2083787F14CB03B70051302C /* UIKit.framework */,
				2083788114CB03B70051302C /* Foundation.framework */,
				2083788314CB03B70051302C /* CoreGraphics.framework */,
			);
			name = Frameworks;
			sourceTree = "<group>";
		};
		2083788514CB03B70051302C /* src */ = {
			isa = PBXGroup;
			children = (
				2083788E14CB03B70051302C /* ELAppDelegate.h */,
				2083788F14CB03B70051302C /* ELAppDelegate.m */,
				2083788614CB03B70051302C /* Supporting Files */,
			);
			path = src;
			sourceTree = "<group>";
		};
		2083788614CB03B70051302C /* Supporting Files */ = {
			isa = PBXGroup;
			children = (
				2083788714CB03B70051302C /* eLogger-iphone-Info.plist */,
				2083788814CB03B70051302C /* InfoPlist.strings */,
				2083788B14CB03B70051302C /* main.m */,
				2083788D14CB03B70051302C /* eLogger-iphone-Prefix.pch */,
			);
			name = "Supporting Files";
			sourceTree = "<group>";
		};
/* End PBXGroup section */

/* Begin PBXNativeTarget section */
		2083787A14CB03B70051302C /* eLogger-iphone */ = {
			isa = PBXNativeTarget;
			buildConfigurationList = 2083789314CB03B70051302C /* Build configuration list for PBXNativeTarget "eLogger-iphone" */;
			buildPhases = (
				2083787714CB03B70051302C /* Sources */,
				2083787814CB03B70051302C /* Frameworks */,
				2083787914CB03B70051302C /* Resources */,
			);
			buildRules = (
			);
			dependencies = (
			);
			name = "eLogger-iphone";
			productName = "eLogger-iphone";
			productReference = 2083787B14CB03B70051302C /* eLogger-iphone.app */;
			productType = "com.apple.product-type.application";
		};
/* End PBXNativeTarget section */

/* Begin PBXProject section */
		2083787214CB03B70051302C /* Project object */ = {
			isa = PBXProject;
			attributes = {
				LastUpgradeCheck = 0420;
			};
			buildConfigurationList = 2083787514CB03B70051302C /* Build configuration list for PBXProject "eLogger-iphone" */;
			compatibilityVersion = "Xcode 3.2";
			developmentRegion = English;
			hasScannedForEncodings = 0;
			knownRegions = (
				en,
			);
			mainGroup = 2083787014CB03B70051302C;
			productRefGroup = 2083787C14CB03B70051302C /* Products */;
			projectDirPath = "";
			projectRoot = "";
			targets = (
				2083787A14CB03B70051302C /* eLogger-iphone */,
			);
		};
/* End PBXProject section */

/* Begin PBXResourcesBuildPhase section */
		2083787914CB03B70051302C /* Resources */ = {
			isa = PBXResourcesBuildPhase;
			buildActionMask = 2147483647;
			files = (
				2083788A14CB03B70051302C /* InfoPlist.strings in Resources */,
			);
			runOnlyForDeploymentPostprocessing = 0;
		};
/* End PBXResourcesBuildPhase section */

/* Begin PBXSourcesBuildPhase section */
		2083787714CB03B70051302C /* Sources */ = {
			isa = PBXSourcesBuildPhase;
			buildActionMask = 2147483647;
			files = (
				2083788C14CB03B70051302C /* main.m in Sources */,
				2083789014CB03B70051302C /* ELAppDelegate.m in Sources */,
			);
			runOnlyForDeploymentPostprocessing = 0;
		};
/* End PBXSourcesBuildPhase section */

/* Begin PBXVariantGroup section */
		2083788814CB03B70051302C /* InfoPlist.strings */ = {
			isa = PBXVariantGroup;
			children = (
				2083788914CB03B70051302C /* en */,
			);
			name = InfoPlist.strings;
			sourceTree = "<group>";
		};
/* End PBXVariantGroup section */

/* Begin XCBuildConfiguration section */
		2083789114CB03B70051302C /* Debug */ = {
			isa = XCBuildConfiguration;
			buildSettings = {
				ALWAYS_SEARCH_USER_PATHS = NO;
				ARCHS = "$(ARCHS_STANDARD_32_BIT)";
				"CODE_SIGN_IDENTITY[sdk=iphoneos*]" = "iPhone Developer";
				COPY_PHASE_STRIP = NO;
				GCC_C_LANGUAGE_STANDARD = gnu99;
				GCC_DYNAMIC_NO_PIC = NO;
				GCC_OPTIMIZATION_LEVEL = 0;
				GCC_PREPROCESSOR_DEFINITIONS = (
					"DEBUG=1",
					"$(inherited)",
				);
				GCC_SYMBOLS_PRIVATE_EXTERN = NO;
				GCC_VERSION = com.apple.compilers.llvm.clang.1_0;
				GCC_WARN_ABOUT_MISSING_PROTOTYPES = YES;
				GCC_WARN_ABOUT_RETURN_TYPE = YES;
				GCC_WARN_UNUSED_VARIABLE = YES;
				IPHONEOS_DEPLOYMENT_TARGET = 5.0;
				SDKROOT = iphoneos;
			};
			name = Debug;
		};
		2083789214CB03B70051302C /* Release */ = {
			isa = XCBuildConfiguration;
			buildSettings = {
				ALWAYS_SEARCH_USER_PATHS = NO;
				ARCHS = "$(ARCHS_STANDARD_32_BIT)";
				"CODE_SIGN_IDENTITY[sdk=iphoneos*]" = "iPhone Developer";
				COPY_PHASE_STRIP = YES;
				GCC_C_LANGUAGE_STANDARD = gnu99;
				GCC_VERSION = com.apple.compilers.llvm.clang.1_0;
				GCC_WARN_ABOUT_MISSING_PROTOTYPES = YES;
				GCC_WARN_ABOUT_RETURN_TYPE = YES;
				GCC_WARN_UNUSED_VARIABLE = YES;
				IPHONEOS_DEPLOYMENT_TARGET = 5.0;
				OTHER_CFLAGS = "-DNS_BLOCK_ASSERTIONS=1";
				SDKROOT = iphoneos;
				VALIDATE_PRODUCT = YES;
			};
			name = Release;
		};
		2083789414CB03B70051302C /* Debug */ = {
			isa = XCBuildConfiguration;
			buildSettings = {
				GCC_PRECOMPILE_PREFIX_HEADER = YES;
				GCC_PREFIX_HEADER = "src/eLogger-iphone-Prefix.pch";
				INFOPLIST_FILE = "src/eLogger-iphone-Info.plist";
				PRODUCT_NAME = "$(TARGET_NAME)";
				WRAPPER_EXTENSION = app;
			};
			name = Debug;
		};
		2083789514CB03B70051302C /* Release */ = {
			isa = XCBuildConfiguration;
			buildSettings = {
				GCC_PRECOMPILE_PREFIX_HEADER = YES;
				GCC_PREFIX_HEADER = "src/eLogger-iphone-Prefix.pch";
				INFOPLIST_FILE = "src/eLogger-iphone-Info.plist";
				PRODUCT_NAME = "$(TARGET_NAME)";
				WRAPPER_EXTENSION = app;
			};
			name = Release;
		};
/* End XCBuildConfiguration section */

/* Begin XCConfigurationList section */
		2083787514CB03B70051302C /* Build configuration list for PBXProject "eLogger-iphone" */ = {
			isa = XCConfigurationList;
			buildConfigurations = (
				2083789114CB03B70051302C /* Debug */,
				2083789214CB03B70051302C /* Release */,
			);
			defaultConfigurationIsVisible = 0;
			defaultConfigurationName = Release;
		};
		2083789314CB03B70051302C /* Build configuration list for PBXNativeTarget "eLogger-iphone" */ = {
			isa = XCConfigurationList;
			buildConfigurations = (
				2083789414CB03B70051302C /* Debug */,
				2083789514CB03B70051302C /* Release */,
			);
			defaultConfigurationIsVisible = 0;
			defaultConfigurationName = Release;
		};
/* End XCConfigurationList section */
	};
	rootObject = 2083787214CB03B70051302C /* Project object */;
}
